
Microsoft Visual Studio Solution File, Format Version 12.00
# Visual Studio Version 17
VisualStudioVersion = 17.5.33627.172
MinimumVisualStudioVersion = 10.0.40219.1
Project("{9A19103F-16F7-4668-BE54-9A1E7A4F7556}") = "UserListManagerApi", "UserListManager\UserListManagerApi.csproj", "{DF82E93E-1B9F-497E-AEBB-47C88F0C4296}"
EndProject
Project("{FAE04EC0-301F-11D3-BF4B-00C04F79EFBC}") = "UserListManagerWebApp", "UserListManagerWebApp\UserListManagerWebApp.csproj", "{DE64FC9E-C855-467A-A08C-F7513B715458}"
EndProject
Global
	GlobalSection(SolutionConfigurationPlatforms) = preSolution
		Debug|Any CPU = Debug|Any CPU
		Release|Any CPU = Release|Any CPU
	EndGlobalSection
	GlobalSection(ProjectConfigurationPlatforms) = postSolution
		{DF82E93E-1B9F-497E-AEBB-47C88F0C4296}.Debug|Any CPU.ActiveCfg = Debug|Any CPU
		{DF82E93E-1B9F-497E-AEBB-47C88F0C4296}.Debug|Any CPU.Build.0 = Debug|Any CPU
		{DF82E93E-1B9F-497E-AEBB-47C88F0C4296}.Release|Any CPU.ActiveCfg = Release|Any CPU
		{DF82E93E-1B9F-497E-AEBB-47C88F0C4296}.Release|Any CPU.Build.0 = Release|Any CPU
		{DE64FC9E-C855-467A-A08C-F7513B715458}.Debug|Any CPU.ActiveCfg = Debug|Any CPU
		{DE64FC9E-C855-467A-A08C-F7513B715458}.Debug|Any CPU.Build.0 = Debug|Any CPU
		{DE64FC9E-C855-467A-A08C-F7513B715458}.Release|Any CPU.ActiveCfg = Release|Any CPU
		{DE64FC9E-C855-467A-A08C-F7513B715458}.Release|Any CPU.Build.0 = Release|Any CPU
	EndGlobalSection
	GlobalSection(SolutionProperties) = preSolution
		HideSolutionNode = FALSE
	EndGlobalSection
	GlobalSection(ExtensibilityGlobals) = postSolution
		SolutionGuid = {DC2B6D5F-C03F-4D73-88F8-308BDE673B69}
	EndGlobalSection
EndGlobal
